
Microsoft Visual Studio Solution File, Format Version 12.00
# Visual Studio Version 16
VisualStudioVersion = 16.0.32228.343
MinimumVisualStudioVersion = 10.0.40219.1
Project("{8BC9CEB8-8B4A-11D0-8D11-00A0C91BC942}") = "asdasdasdasdasdasdasdasd", "asdasdasdasdasdasdasdasd\asdasdasdasdasdasdasdasd.vcxproj", "{33526425-FD0A-442C-89AE-01A5EBBDD603}"
EndProject
Global
	GlobalSection(SolutionConfigurationPlatforms) = preSolution
		Debug|x64 = Debug|x64
		Debug|x86 = Debug|x86
		Release|x64 = Release|x64
		Release|x86 = Release|x86
	EndGlobalSection
	GlobalSection(ProjectConfigurationPlatforms) = postSolution
		{33526425-FD0A-442C-89AE-01A5EBBDD603}.Debug|x64.ActiveCfg = Debug|x64
		{33526425-FD0A-442C-89AE-01A5EBBDD603}.Debug|x64.Build.0 = Debug|x64
		{33526425-FD0A-442C-89AE-01A5EBBDD603}.Debug|x86.ActiveCfg = Debug|Win32
		{33526425-FD0A-442C-89AE-01A5EBBDD603}.Debug|x86.Build.0 = Debug|Win32
		{33526425-FD0A-442C-89AE-01A5EBBDD603}.Release|x64.ActiveCfg = Release|x64
		{33526425-FD0A-442C-89AE-01A5EBBDD603}.Release|x64.Build.0 = Release|x64
		{33526425-FD0A-442C-89AE-01A5EBBDD603}.Release|x86.ActiveCfg = Release|Win32
		{33526425-FD0A-442C-89AE-01A5EBBDD603}.Release|x86.Build.0 = Release|Win32
	EndGlobalSection
	GlobalSection(SolutionProperties) = preSolution
		HideSolutionNode = FALSE
	EndGlobalSection
	GlobalSection(ExtensibilityGlobals) = postSolution
		SolutionGuid = {29EA23F2-7F3A-42B2-96F5-D98634AA4D09}
	EndGlobalSection
EndGlobal
